// !$*UTF8*$!
{
	archiveVersion = 1;
	classes = {
	};
	objectVersion = 50;
	objects = {

/* Begin PBXBuildFile section */
		612D58032582526500D1724C /* LaunchResponse.swift in Sources */ = {isa = PBXBuildFile; fileRef = 612D58022582526500D1724C /* LaunchResponse.swift */; };
		612D58062582756200D1724C /* LaunchCell.swift in Sources */ = {isa = PBXBuildFile; fileRef = 612D58052582756200D1724C /* LaunchCell.swift */; };
		612D580A2582923E00D1724C /* UIView_ext.swift in Sources */ = {isa = PBXBuildFile; fileRef = 612D58092582923E00D1724C /* UIView_ext.swift */; };
		612D5812258292AC00D1724C /* LaunchDetailsVC.swift in Sources */ = {isa = PBXBuildFile; fileRef = 612D5811258292AC00D1724C /* LaunchDetailsVC.swift */; };
		612D5815258292E000D1724C /* UIImageView_ext.swift in Sources */ = {isa = PBXBuildFile; fileRef = 612D5814258292E000D1724C /* UIImageView_ext.swift */; };
		612D5818258293E600D1724C /* LaunchRowData.swift in Sources */ = {isa = PBXBuildFile; fileRef = 612D5817258293E600D1724C /* LaunchRowData.swift */; };
		612D581B2582952300D1724C /* LaunchRowDetailsView.swift in Sources */ = {isa = PBXBuildFile; fileRef = 612D581A2582952300D1724C /* LaunchRowDetailsView.swift */; };
		612D581E2582962800D1724C /* JSONDecoder_ext.swift in Sources */ = {isa = PBXBuildFile; fileRef = 612D581D2582962800D1724C /* JSONDecoder_ext.swift */; };
		61935E8025824ACA00DB22A2 /* AppDelegate.swift in Sources */ = {isa = PBXBuildFile; fileRef = 61935E7F25824ACA00DB22A2 /* AppDelegate.swift */; };
		61935E8225824ACA00DB22A2 /* SceneDelegate.swift in Sources */ = {isa = PBXBuildFile; fileRef = 61935E8125824ACA00DB22A2 /* SceneDelegate.swift */; };
		61935E8425824ACA00DB22A2 /* LaunchListVC.swift in Sources */ = {isa = PBXBuildFile; fileRef = 61935E8325824ACA00DB22A2 /* LaunchListVC.swift */; };
		61935E8925824ACB00DB22A2 /* Assets.xcassets in Resources */ = {isa = PBXBuildFile; fileRef = 61935E8825824ACB00DB22A2 /* Assets.xcassets */; };
		61935E8C25824ACB00DB22A2 /* LaunchScreen.storyboard in Resources */ = {isa = PBXBuildFile; fileRef = 61935E8A25824ACB00DB22A2 /* LaunchScreen.storyboard */; };
		61935EA22582508800DB22A2 /* GenericHTTPRequests.swift in Sources */ = {isa = PBXBuildFile; fileRef = 61935EA12582508800DB22A2 /* GenericHTTPRequests.swift */; };
		61935EA72582510300DB22A2 /* LaunchesWebService.swift in Sources */ = {isa = PBXBuildFile; fileRef = 61935EA62582510300DB22A2 /* LaunchesWebService.swift */; };
		61D508AD2582B3CF00055756 /* LaunchDetailsView.swift in Sources */ = {isa = PBXBuildFile; fileRef = 61D508AC2582B3CF00055756 /* LaunchDetailsView.swift */; };
/* End PBXBuildFile section */

/* Begin PBXFileReference section */
		612D58022582526500D1724C /* LaunchResponse.swift */ = {isa = PBXFileReference; lastKnownFileType = sourcecode.swift; path = LaunchResponse.swift; sourceTree = "<group>"; };
		612D58052582756200D1724C /* LaunchCell.swift */ = {isa = PBXFileReference; lastKnownFileType = sourcecode.swift; path = LaunchCell.swift; sourceTree = "<group>"; };
		612D58092582923E00D1724C /* UIView_ext.swift */ = {isa = PBXFileReference; lastKnownFileType = sourcecode.swift; path = UIView_ext.swift; sourceTree = "<group>"; };
		612D5811258292AC00D1724C /* LaunchDetailsVC.swift */ = {isa = PBXFileReference; lastKnownFileType = sourcecode.swift; path = LaunchDetailsVC.swift; sourceTree = "<group>"; };
		612D5814258292E000D1724C /* UIImageView_ext.swift */ = {isa = PBXFileReference; lastKnownFileType = sourcecode.swift; path = UIImageView_ext.swift; sourceTree = "<group>"; };
		612D5817258293E600D1724C /* LaunchRowData.swift */ = {isa = PBXFileReference; lastKnownFileType = sourcecode.swift; path = LaunchRowData.swift; sourceTree = "<group>"; };
		612D581A2582952300D1724C /* LaunchRowDetailsView.swift */ = {isa = PBXFileReference; lastKnownFileType = sourcecode.swift; path = LaunchRowDetailsView.swift; sourceTree = "<group>"; };
		612D581D2582962800D1724C /* JSONDecoder_ext.swift */ = {isa = PBXFileReference; lastKnownFileType = sourcecode.swift; path = JSONDecoder_ext.swift; sourceTree = "<group>"; };
		61935E7C25824ACA00DB22A2 /* SpaceXTestApp.app */ = {isa = PBXFileReference; explicitFileType = wrapper.application; includeInIndex = 0; path = SpaceXTestApp.app; sourceTree = BUILT_PRODUCTS_DIR; };
		61935E7F25824ACA00DB22A2 /* AppDelegate.swift */ = {isa = PBXFileReference; lastKnownFileType = sourcecode.swift; path = AppDelegate.swift; sourceTree = "<group>"; };
		61935E8125824ACA00DB22A2 /* SceneDelegate.swift */ = {isa = PBXFileReference; lastKnownFileType = sourcecode.swift; path = SceneDelegate.swift; sourceTree = "<group>"; };
		61935E8325824ACA00DB22A2 /* LaunchListVC.swift */ = {isa = PBXFileReference; lastKnownFileType = sourcecode.swift; path = LaunchListVC.swift; sourceTree = "<group>"; };
		61935E8825824ACB00DB22A2 /* Assets.xcassets */ = {isa = PBXFileReference; lastKnownFileType = folder.assetcatalog; path = Assets.xcassets; sourceTree = "<group>"; };
		61935E8B25824ACB00DB22A2 /* Base */ = {isa = PBXFileReference; lastKnownFileType = file.storyboard; name = Base; path = Base.lproj/LaunchScreen.storyboard; sourceTree = "<group>"; };
		61935E8D25824ACB00DB22A2 /* Info.plist */ = {isa = PBXFileReference; lastKnownFileType = text.plist.xml; path = Info.plist; sourceTree = "<group>"; };
		61935EA12582508800DB22A2 /* GenericHTTPRequests.swift */ = {isa = PBXFileReference; lastKnownFileType = sourcecode.swift; path = GenericHTTPRequests.swift; sourceTree = "<group>"; };
		61935EA62582510300DB22A2 /* LaunchesWebService.swift */ = {isa = PBXFileReference; lastKnownFileType = sourcecode.swift; path = LaunchesWebService.swift; sourceTree = "<group>"; };
		61D508AC2582B3CF00055756 /* LaunchDetailsView.swift */ = {isa = PBXFileReference; lastKnownFileType = sourcecode.swift; path = LaunchDetailsView.swift; sourceTree = "<group>"; };
/* End PBXFileReference section */

/* Begin PBXFrameworksBuildPhase section */
		61935E7925824ACA00DB22A2 /* Frameworks */ = {
			isa = PBXFrameworksBuildPhase;
			buildActionMask = 2147483647;
			files = (
			);
			runOnlyForDeploymentPostprocessing = 0;
		};
/* End PBXFrameworksBuildPhase section */

/* Begin PBXGroup section */
		612D58082582921500D1724C /* Helpers */ = {
			isa = PBXGroup;
			children = (
				612D58092582923E00D1724C /* UIView_ext.swift */,
				612D5814258292E000D1724C /* UIImageView_ext.swift */,
				612D581D2582962800D1724C /* JSONDecoder_ext.swift */,
			);
			path = Helpers;
			sourceTree = "<group>";
		};
		612D58212582AF1B00D1724C /* LaunchList */ = {
			isa = PBXGroup;
			children = (
				612D58052582756200D1724C /* LaunchCell.swift */,
				612D581A2582952300D1724C /* LaunchRowDetailsView.swift */,
			);
			path = LaunchList;
			sourceTree = "<group>";
		};
		612D58222582AF2600D1724C /* LaunchDetails */ = {
			isa = PBXGroup;
			children = (
				61D508AC2582B3CF00055756 /* LaunchDetailsView.swift */,
			);
			path = LaunchDetails;
			sourceTree = "<group>";
		};
		61935E7325824ACA00DB22A2 = {
			isa = PBXGroup;
			children = (
				61935E7E25824ACA00DB22A2 /* SpaceXTestApp */,
				61935E7D25824ACA00DB22A2 /* Products */,
			);
			sourceTree = "<group>";
		};
		61935E7D25824ACA00DB22A2 /* Products */ = {
			isa = PBXGroup;
			children = (
				61935E7C25824ACA00DB22A2 /* SpaceXTestApp.app */,
			);
			name = Products;
			sourceTree = "<group>";
		};
		61935E7E25824ACA00DB22A2 /* SpaceXTestApp */ = {
			isa = PBXGroup;
			children = (
				61935E9825824B5C00DB22A2 /* Delegates */,
				61935E9625824B4F00DB22A2 /* Models */,
				61935E9525824B4A00DB22A2 /* Views */,
				61935E9425824B4000DB22A2 /* Controllers */,
				61935E9725824B5300DB22A2 /* Services */,
				612D58082582921500D1724C /* Helpers */,
				61935E8825824ACB00DB22A2 /* Assets.xcassets */,
				61935E8A25824ACB00DB22A2 /* LaunchScreen.storyboard */,
				61935E8D25824ACB00DB22A2 /* Info.plist */,
			);
			path = SpaceXTestApp;
			sourceTree = "<group>";
		};
		61935E9425824B4000DB22A2 /* Controllers */ = {
			isa = PBXGroup;
			children = (
				61935E8325824ACA00DB22A2 /* LaunchListVC.swift */,
				612D5811258292AC00D1724C /* LaunchDetailsVC.swift */,
			);
			path = Controllers;
			sourceTree = "<group>";
		};
		61935E9525824B4A00DB22A2 /* Views */ = {
			isa = PBXGroup;
			children = (
				612D58212582AF1B00D1724C /* LaunchList */,
				612D58222582AF2600D1724C /* LaunchDetails */,
			);
			path = Views;
			sourceTree = "<group>";
		};
		61935E9625824B4F00DB22A2 /* Models */ = {
			isa = PBXGroup;
			children = (
				612D5817258293E600D1724C /* LaunchRowData.swift */,
			);
			path = Models;
			sourceTree = "<group>";
		};
		61935E9725824B5300DB22A2 /* Services */ = {
			isa = PBXGroup;
			children = (
				61935EA4258250B500DB22A2 /* Launches */,
				61935EA02582507400DB22A2 /* Generic */,
			);
			path = Services;
			sourceTree = "<group>";
		};
		61935E9825824B5C00DB22A2 /* Delegates */ = {
			isa = PBXGroup;
			children = (
				61935E7F25824ACA00DB22A2 /* AppDelegate.swift */,
				61935E8125824ACA00DB22A2 /* SceneDelegate.swift */,
			);
			path = Delegates;
			sourceTree = "<group>";
		};
		61935EA02582507400DB22A2 /* Generic */ = {
			isa = PBXGroup;
			children = (
				61935EA12582508800DB22A2 /* GenericHTTPRequests.swift */,
			);
			path = Generic;
			sourceTree = "<group>";
		};
		61935EA4258250B500DB22A2 /* Launches */ = {
			isa = PBXGroup;
			children = (
				61935EA62582510300DB22A2 /* LaunchesWebService.swift */,
				612D58022582526500D1724C /* LaunchResponse.swift */,
			);
			path = Launches;
			sourceTree = "<group>";
		};
/* End PBXGroup section */

/* Begin PBXNativeTarget section */
		61935E7B25824ACA00DB22A2 /* SpaceXTestApp */ = {
			isa = PBXNativeTarget;
			buildConfigurationList = 61935E9025824ACB00DB22A2 /* Build configuration list for PBXNativeTarget "SpaceXTestApp" */;
			buildPhases = (
				61935E7825824ACA00DB22A2 /* Sources */,
				61935E7925824ACA00DB22A2 /* Frameworks */,
				61935E7A25824ACA00DB22A2 /* Resources */,
			);
			buildRules = (
			);
			dependencies = (
			);
			name = SpaceXTestApp;
			productName = SpaceXTestApp;
			productReference = 61935E7C25824ACA00DB22A2 /* SpaceXTestApp.app */;
			productType = "com.apple.product-type.application";
		};
/* End PBXNativeTarget section */

/* Begin PBXProject section */
		61935E7425824ACA00DB22A2 /* Project object */ = {
			isa = PBXProject;
			attributes = {
				LastSwiftUpdateCheck = 1220;
				LastUpgradeCheck = 1220;
				TargetAttributes = {
					61935E7B25824ACA00DB22A2 = {
						CreatedOnToolsVersion = 12.2;
					};
				};
			};
			buildConfigurationList = 61935E7725824ACA00DB22A2 /* Build configuration list for PBXProject "SpaceXTestApp" */;
			compatibilityVersion = "Xcode 9.3";
			developmentRegion = en;
			hasScannedForEncodings = 0;
			knownRegions = (
				en,
				Base,
			);
			mainGroup = 61935E7325824ACA00DB22A2;
			productRefGroup = 61935E7D25824ACA00DB22A2 /* Products */;
			projectDirPath = "";
			projectRoot = "";
			targets = (
				61935E7B25824ACA00DB22A2 /* SpaceXTestApp */,
			);
		};
/* End PBXProject section */

/* Begin PBXResourcesBuildPhase section */
		61935E7A25824ACA00DB22A2 /* Resources */ = {
			isa = PBXResourcesBuildPhase;
			buildActionMask = 2147483647;
			files = (
				61935E8C25824ACB00DB22A2 /* LaunchScreen.storyboard in Resources */,
				61935E8925824ACB00DB22A2 /* Assets.xcassets in Resources */,
			);
			runOnlyForDeploymentPostprocessing = 0;
		};
/* End PBXResourcesBuildPhase section */

/* Begin PBXSourcesBuildPhase section */
		61935E7825824ACA00DB22A2 /* Sources */ = {
			isa = PBXSourcesBuildPhase;
			buildActionMask = 2147483647;
			files = (
				61935EA72582510300DB22A2 /* LaunchesWebService.swift in Sources */,
				612D581B2582952300D1724C /* LaunchRowDetailsView.swift in Sources */,
				61D508AD2582B3CF00055756 /* LaunchDetailsView.swift in Sources */,
				612D5818258293E600D1724C /* LaunchRowData.swift in Sources */,
				61935EA22582508800DB22A2 /* GenericHTTPRequests.swift in Sources */,
				612D5815258292E000D1724C /* UIImageView_ext.swift in Sources */,
				61935E8425824ACA00DB22A2 /* LaunchListVC.swift in Sources */,
				612D5812258292AC00D1724C /* LaunchDetailsVC.swift in Sources */,
				61935E8025824ACA00DB22A2 /* AppDelegate.swift in Sources */,
				612D580A2582923E00D1724C /* UIView_ext.swift in Sources */,
				612D581E2582962800D1724C /* JSONDecoder_ext.swift in Sources */,
				61935E8225824ACA00DB22A2 /* SceneDelegate.swift in Sources */,
				612D58062582756200D1724C /* LaunchCell.swift in Sources */,
				612D58032582526500D1724C /* LaunchResponse.swift in Sources */,
			);
			runOnlyForDeploymentPostprocessing = 0;
		};
/* End PBXSourcesBuildPhase section */

/* Begin PBXVariantGroup section */
		61935E8A25824ACB00DB22A2 /* LaunchScreen.storyboard */ = {
			isa = PBXVariantGroup;
			children = (
				61935E8B25824ACB00DB22A2 /* Base */,
			);
			name = LaunchScreen.storyboard;
			sourceTree = "<group>";
		};
/* End PBXVariantGroup section */

/* Begin XCBuildConfiguration section */
		61935E8E25824ACB00DB22A2 /* Debug */ = {
			isa = XCBuildConfiguration;
			buildSettings = {
				ALWAYS_SEARCH_USER_PATHS = NO;
				CLANG_ANALYZER_NONNULL = YES;
				CLANG_ANALYZER_NUMBER_OBJECT_CONVERSION = YES_AGGRESSIVE;
				CLANG_CXX_LANGUAGE_STANDARD = "gnu++14";
				CLANG_CXX_LIBRARY = "libc++";
				CLANG_ENABLE_MODULES = YES;
				CLANG_ENABLE_OBJC_ARC = YES;
				CLANG_ENABLE_OBJC_WEAK = YES;
				CLANG_WARN_BLOCK_CAPTURE_AUTORELEASING = YES;
				CLANG_WARN_BOOL_CONVERSION = YES;
				CLANG_WARN_COMMA = YES;
				CLANG_WARN_CONSTANT_CONVERSION = YES;
				CLANG_WARN_DEPRECATED_OBJC_IMPLEMENTATIONS = YES;
				CLANG_WARN_DIRECT_OBJC_ISA_USAGE = YES_ERROR;
				CLANG_WARN_DOCUMENTATION_COMMENTS = YES;
				CLANG_WARN_EMPTY_BODY = YES;
				CLANG_WARN_ENUM_CONVERSION = YES;
				CLANG_WARN_INFINITE_RECURSION = YES;
				CLANG_WARN_INT_CONVERSION = YES;
				CLANG_WARN_NON_LITERAL_NULL_CONVERSION = YES;
				CLANG_WARN_OBJC_IMPLICIT_RETAIN_SELF = YES;
				CLANG_WARN_OBJC_LITERAL_CONVERSION = YES;
				CLANG_WARN_OBJC_ROOT_CLASS = YES_ERROR;
				CLANG_WARN_QUOTED_INCLUDE_IN_FRAMEWORK_HEADER = YES;
				CLANG_WARN_RANGE_LOOP_ANALYSIS = YES;
				CLANG_WARN_STRICT_PROTOTYPES = YES;
				CLANG_WARN_SUSPICIOUS_MOVE = YES;
				CLANG_WARN_UNGUARDED_AVAILABILITY = YES_AGGRESSIVE;
				CLANG_WARN_UNREACHABLE_CODE = YES;
				CLANG_WARN__DUPLICATE_METHOD_MATCH = YES;
				COPY_PHASE_STRIP = NO;
				DEBUG_INFORMATION_FORMAT = dwarf;
				ENABLE_STRICT_OBJC_MSGSEND = YES;
				ENABLE_TESTABILITY = YES;
				GCC_C_LANGUAGE_STANDARD = gnu11;
				GCC_DYNAMIC_NO_PIC = NO;
				GCC_NO_COMMON_BLOCKS = YES;
				GCC_OPTIMIZATION_LEVEL = 0;
				GCC_PREPROCESSOR_DEFINITIONS = (
					"DEBUG=1",
					"$(inherited)",
				);
				GCC_WARN_64_TO_32_BIT_CONVERSION = YES;
				GCC_WARN_ABOUT_RETURN_TYPE = YES_ERROR;
				GCC_WARN_UNDECLARED_SELECTOR = YES;
				GCC_WARN_UNINITIALIZED_AUTOS = YES_AGGRESSIVE;
				GCC_WARN_UNUSED_FUNCTION = YES;
				GCC_WARN_UNUSED_VARIABLE = YES;
				IPHONEOS_DEPLOYMENT_TARGET = 14.2;
				MTL_ENABLE_DEBUG_INFO = INCLUDE_SOURCE;
				MTL_FAST_MATH = YES;
				ONLY_ACTIVE_ARCH = YES;
				SDKROOT = iphoneos;
				SWIFT_ACTIVE_COMPILATION_CONDITIONS = DEBUG;
				SWIFT_OPTIMIZATION_LEVEL = "-Onone";
			};
			name = Debug;
		};
		61935E8F25824ACB00DB22A2 /* Release */ = {
			isa = XCBuildConfiguration;
			buildSettings = {
				ALWAYS_SEARCH_USER_PATHS = NO;
				CLANG_ANALYZER_NONNULL = YES;
				CLANG_ANALYZER_NUMBER_OBJECT_CONVERSION = YES_AGGRESSIVE;
				CLANG_CXX_LANGUAGE_STANDARD = "gnu++14";
				CLANG_CXX_LIBRARY = "libc++";
				CLANG_ENABLE_MODULES = YES;
				CLANG_ENABLE_OBJC_ARC = YES;
				CLANG_ENABLE_OBJC_WEAK = YES;
				CLANG_WARN_BLOCK_CAPTURE_AUTORELEASING = YES;
				CLANG_WARN_BOOL_CONVERSION = YES;
				CLANG_WARN_COMMA = YES;
				CLANG_WARN_CONSTANT_CONVERSION = YES;
				CLANG_WARN_DEPRECATED_OBJC_IMPLEMENTATIONS = YES;
				CLANG_WARN_DIRECT_OBJC_ISA_USAGE = YES_ERROR;
				CLANG_WARN_DOCUMENTATION_COMMENTS = YES;
				CLANG_WARN_EMPTY_BODY = YES;
				CLANG_WARN_ENUM_CONVERSION = YES;
				CLANG_WARN_INFINITE_RECURSION = YES;
				CLANG_WARN_INT_CONVERSION = YES;
				CLANG_WARN_NON_LITERAL_NULL_CONVERSION = YES;
				CLANG_WARN_OBJC_IMPLICIT_RETAIN_SELF = YES;
				CLANG_WARN_OBJC_LITERAL_CONVERSION = YES;
				CLANG_WARN_OBJC_ROOT_CLASS = YES_ERROR;
				CLANG_WARN_QUOTED_INCLUDE_IN_FRAMEWORK_HEADER = YES;
				CLANG_WARN_RANGE_LOOP_ANALYSIS = YES;
				CLANG_WARN_STRICT_PROTOTYPES = YES;
				CLANG_WARN_SUSPICIOUS_MOVE = YES;
				CLANG_WARN_UNGUARDED_AVAILABILITY = YES_AGGRESSIVE;
				CLANG_WARN_UNREACHABLE_CODE = YES;
				CLANG_WARN__DUPLICATE_METHOD_MATCH = YES;
				COPY_PHASE_STRIP = NO;
				DEBUG_INFORMATION_FORMAT = "dwarf-with-dsym";
				ENABLE_NS_ASSERTIONS = NO;
				ENABLE_STRICT_OBJC_MSGSEND = YES;
				GCC_C_LANGUAGE_STANDARD = gnu11;
				GCC_NO_COMMON_BLOCKS = YES;
				GCC_WARN_64_TO_32_BIT_CONVERSION = YES;
				GCC_WARN_ABOUT_RETURN_TYPE = YES_ERROR;
				GCC_WARN_UNDECLARED_SELECTOR = YES;
				GCC_WARN_UNINITIALIZED_AUTOS = YES_AGGRESSIVE;
				GCC_WARN_UNUSED_FUNCTION = YES;
				GCC_WARN_UNUSED_VARIABLE = YES;
				IPHONEOS_DEPLOYMENT_TARGET = 14.2;
				MTL_ENABLE_DEBUG_INFO = NO;
				MTL_FAST_MATH = YES;
				SDKROOT = iphoneos;
				SWIFT_COMPILATION_MODE = wholemodule;
				SWIFT_OPTIMIZATION_LEVEL = "-O";
				VALIDATE_PRODUCT = YES;
			};
			name = Release;
		};
		61935E9125824ACB00DB22A2 /* Debug */ = {
			isa = XCBuildConfiguration;
			buildSettings = {
				ASSETCATALOG_COMPILER_APPICON_NAME = AppIcon;
				ASSETCATALOG_COMPILER_GLOBAL_ACCENT_COLOR_NAME = AccentColor;
				CODE_SIGN_STYLE = Automatic;
				DEVELOPMENT_TEAM = 5ZFBRS23ZM;
				INFOPLIST_FILE = SpaceXTestApp/Info.plist;
				LD_RUNPATH_SEARCH_PATHS = (
					"$(inherited)",
					"@executable_path/Frameworks",
				);
				PRODUCT_BUNDLE_IDENTIFIER = Orange.Systems.SpaceXTestApp;
				PRODUCT_NAME = "$(TARGET_NAME)";
				SWIFT_VERSION = 5.0;
				TARGETED_DEVICE_FAMILY = "1,2";
			};
			name = Debug;
		};
		61935E9225824ACB00DB22A2 /* Release */ = {
			isa = XCBuildConfiguration;
			buildSettings = {
				ASSETCATALOG_COMPILER_APPICON_NAME = AppIcon;
				ASSETCATALOG_COMPILER_GLOBAL_ACCENT_COLOR_NAME = AccentColor;
				CODE_SIGN_STYLE = Automatic;
				DEVELOPMENT_TEAM = 5ZFBRS23ZM;
				INFOPLIST_FILE = SpaceXTestApp/Info.plist;
				LD_RUNPATH_SEARCH_PATHS = (
					"$(inherited)",
					"@executable_path/Frameworks",
				);
				PRODUCT_BUNDLE_IDENTIFIER = Orange.Systems.SpaceXTestApp;
				PRODUCT_NAME = "$(TARGET_NAME)";
				SWIFT_VERSION = 5.0;
				TARGETED_DEVICE_FAMILY = "1,2";
			};
			name = Release;
		};
/* End XCBuildConfiguration section */

/* Begin XCConfigurationList section */
		61935E7725824ACA00DB22A2 /* Build configuration list for PBXProject "SpaceXTestApp" */ = {
			isa = XCConfigurationList;
			buildConfigurations = (
				61935E8E25824ACB00DB22A2 /* Debug */,
				61935E8F25824ACB00DB22A2 /* Release */,
			);
			defaultConfigurationIsVisible = 0;
			defaultConfigurationName = Release;
		};
		61935E9025824ACB00DB22A2 /* Build configuration list for PBXNativeTarget "SpaceXTestApp" */ = {
			isa = XCConfigurationList;
			buildConfigurations = (
				61935E9125824ACB00DB22A2 /* Debug */,
				61935E9225824ACB00DB22A2 /* Release */,
			);
			defaultConfigurationIsVisible = 0;
			defaultConfigurationName = Release;
		};
/* End XCConfigurationList section */
	};
	rootObject = 61935E7425824ACA00DB22A2 /* Project object */;
}
